
Microsoft Visual Studio Solution File, Format Version 12.00
# Visual Studio Version 17
VisualStudioVersion = 17.3.32804.467
MinimumVisualStudioVersion = 10.0.40219.1
Project("{FAE04EC0-301F-11D3-BF4B-00C04F79EFBC}") = "PMS_Net", "PMS_Net.csproj", "{7B2D7C9F-395E-42CE-84EA-41D791EEFE45}"
EndProject
Global
	GlobalSection(SolutionConfigurationPlatforms) = preSolution
		Debug|Any CPU = Debug|Any CPU
		Release|Any CPU = Release|Any CPU
	EndGlobalSection
	GlobalSection(ProjectConfigurationPlatforms) = postSolution
		{7B2D7C9F-395E-42CE-84EA-41D791EEFE45}.Debug|Any CPU.ActiveCfg = Debug|Any CPU
		{7B2D7C9F-395E-42CE-84EA-41D791EEFE45}.Debug|Any CPU.Build.0 = Debug|Any CPU
		{7B2D7C9F-395E-42CE-84EA-41D791EEFE45}.Release|Any CPU.ActiveCfg = Release|Any CPU
		{7B2D7C9F-395E-42CE-84EA-41D791EEFE45}.Release|Any CPU.Build.0 = Release|Any CPU
	EndGlobalSection
	GlobalSection(SolutionProperties) = preSolution
		HideSolutionNode = FALSE
	EndGlobalSection
	GlobalSection(ExtensibilityGlobals) = postSolution
		SolutionGuid = {82DC135A-DAC0-4048-90A7-CB2445B4B555}
	EndGlobalSection
EndGlobal
